
Microsoft Visual Studio Solution File, Format Version 12.00
# Visual Studio Version 17
VisualStudioVersion = 17.13.35931.197 d17.13
MinimumVisualStudioVersion = 10.0.40219.1
Project("{FAE04EC0-301F-11D3-BF4B-00C04F79EFBC}") = "ConsoleApp1", "ConsoleApp1\ConsoleApp1.csproj", "{F17A5FE5-F1E2-4541-8A24-CE79BC02EE07}"
EndProject
Global
	GlobalSection(SolutionConfigurationPlatforms) = preSolution
		Debug|Any CPU = Debug|Any CPU
		Release|Any CPU = Release|Any CPU
	EndGlobalSection
	GlobalSection(ProjectConfigurationPlatforms) = postSolution
		{F17A5FE5-F1E2-4541-8A24-CE79BC02EE07}.Debug|Any CPU.ActiveCfg = Debug|Any CPU
		{F17A5FE5-F1E2-4541-8A24-CE79BC02EE07}.Debug|Any CPU.Build.0 = Debug|Any CPU
		{F17A5FE5-F1E2-4541-8A24-CE79BC02EE07}.Release|Any CPU.ActiveCfg = Release|Any CPU
		{F17A5FE5-F1E2-4541-8A24-CE79BC02EE07}.Release|Any CPU.Build.0 = Release|Any CPU
	EndGlobalSection
	GlobalSection(SolutionProperties) = preSolution
		HideSolutionNode = FALSE
	EndGlobalSection
	GlobalSection(ExtensibilityGlobals) = postSolution
		SolutionGuid = {27B3CE0B-E26A-4AF6-B1AA-350FC82583DC}
	EndGlobalSection
EndGlobal
