
Microsoft Visual Studio Solution File, Format Version 12.00
# Visual Studio Version 17
VisualStudioVersion = 17.0.31903.59
MinimumVisualStudioVersion = 10.0.40219.1
Project("{2150E333-8FDC-42A3-9474-1A3956D46DE8}") = "17 Прочие методы", "17 Прочие методы", "{A08B1BED-8DF7-40A2-86AD-D8D54D4E00CA}"
EndProject
Project("{2150E333-8FDC-42A3-9474-1A3956D46DE8}") = "17.2 Aggregate", "17.2 Aggregate", "{74549CE8-6744-4E7A-A0C9-2B16A415E77C}"
EndProject
Project("{FAE04EC0-301F-11D3-BF4B-00C04F79EFBC}") = "ConsoleApp1", "17 Прочие методы\17.2 Aggregate\ConsoleApp1\ConsoleApp1.csproj", "{95A2A441-455D-4F6D-A8F7-235F225E0FC6}"
EndProject
Global
	GlobalSection(SolutionConfigurationPlatforms) = preSolution
		Debug|Any CPU = Debug|Any CPU
		Release|Any CPU = Release|Any CPU
	EndGlobalSection
	GlobalSection(SolutionProperties) = preSolution
		HideSolutionNode = FALSE
	EndGlobalSection
	GlobalSection(ProjectConfigurationPlatforms) = postSolution
		{95A2A441-455D-4F6D-A8F7-235F225E0FC6}.Debug|Any CPU.ActiveCfg = Debug|Any CPU
		{95A2A441-455D-4F6D-A8F7-235F225E0FC6}.Debug|Any CPU.Build.0 = Debug|Any CPU
		{95A2A441-455D-4F6D-A8F7-235F225E0FC6}.Release|Any CPU.ActiveCfg = Release|Any CPU
		{95A2A441-455D-4F6D-A8F7-235F225E0FC6}.Release|Any CPU.Build.0 = Release|Any CPU
	EndGlobalSection
	GlobalSection(NestedProjects) = preSolution
		{74549CE8-6744-4E7A-A0C9-2B16A415E77C} = {A08B1BED-8DF7-40A2-86AD-D8D54D4E00CA}
		{95A2A441-455D-4F6D-A8F7-235F225E0FC6} = {74549CE8-6744-4E7A-A0C9-2B16A415E77C}
	EndGlobalSection
EndGlobal
