
Microsoft Visual Studio Solution File, Format Version 12.00
# Visual Studio Version 17
VisualStudioVersion = 17.13.35931.197 d17.13
MinimumVisualStudioVersion = 10.0.40219.1
Project("{FAE04EC0-301F-11D3-BF4B-00C04F79EFBC}") = "ConsoleApp1", "ConsoleApp1\ConsoleApp1.csproj", "{B994638C-D176-4E87-8BFF-BE80E4735819}"
EndProject
Global
	GlobalSection(SolutionConfigurationPlatforms) = preSolution
		Debug|Any CPU = Debug|Any CPU
		Release|Any CPU = Release|Any CPU
	EndGlobalSection
	GlobalSection(ProjectConfigurationPlatforms) = postSolution
		{B994638C-D176-4E87-8BFF-BE80E4735819}.Debug|Any CPU.ActiveCfg = Debug|Any CPU
		{B994638C-D176-4E87-8BFF-BE80E4735819}.Debug|Any CPU.Build.0 = Debug|Any CPU
		{B994638C-D176-4E87-8BFF-BE80E4735819}.Release|Any CPU.ActiveCfg = Release|Any CPU
		{B994638C-D176-4E87-8BFF-BE80E4735819}.Release|Any CPU.Build.0 = Release|Any CPU
	EndGlobalSection
	GlobalSection(SolutionProperties) = preSolution
		HideSolutionNode = FALSE
	EndGlobalSection
	GlobalSection(ExtensibilityGlobals) = postSolution
		SolutionGuid = {14D9B2B9-8692-4616-A4BB-6D126312342F}
	EndGlobalSection
EndGlobal
