
Microsoft Visual Studio Solution File, Format Version 12.00
# Visual Studio Version 17
VisualStudioVersion = 17.13.35931.197 d17.13
MinimumVisualStudioVersion = 10.0.40219.1
Project("{FAE04EC0-301F-11D3-BF4B-00C04F79EFBC}") = "ConsoleApp1", "ConsoleApp1\ConsoleApp1.csproj", "{99F16785-31FE-4AB9-B8E4-4E0F08C92A3D}"
EndProject
Global
	GlobalSection(SolutionConfigurationPlatforms) = preSolution
		Debug|Any CPU = Debug|Any CPU
		Release|Any CPU = Release|Any CPU
	EndGlobalSection
	GlobalSection(ProjectConfigurationPlatforms) = postSolution
		{99F16785-31FE-4AB9-B8E4-4E0F08C92A3D}.Debug|Any CPU.ActiveCfg = Debug|Any CPU
		{99F16785-31FE-4AB9-B8E4-4E0F08C92A3D}.Debug|Any CPU.Build.0 = Debug|Any CPU
		{99F16785-31FE-4AB9-B8E4-4E0F08C92A3D}.Release|Any CPU.ActiveCfg = Release|Any CPU
		{99F16785-31FE-4AB9-B8E4-4E0F08C92A3D}.Release|Any CPU.Build.0 = Release|Any CPU
	EndGlobalSection
	GlobalSection(SolutionProperties) = preSolution
		HideSolutionNode = FALSE
	EndGlobalSection
	GlobalSection(ExtensibilityGlobals) = postSolution
		SolutionGuid = {088B76EF-BC62-400E-8FFB-B4FBFAFC89EE}
	EndGlobalSection
EndGlobal
