
Microsoft Visual Studio Solution File, Format Version 12.00
# Visual Studio Version 17
VisualStudioVersion = 17.13.35931.197 d17.13
MinimumVisualStudioVersion = 10.0.40219.1
Project("{FAE04EC0-301F-11D3-BF4B-00C04F79EFBC}") = "ConsoleApp1", "ConsoleApp1\ConsoleApp1.csproj", "{4349C85A-414C-4D17-B0A6-C22AD20FBCC1}"
EndProject
Global
	GlobalSection(SolutionConfigurationPlatforms) = preSolution
		Debug|Any CPU = Debug|Any CPU
		Release|Any CPU = Release|Any CPU
	EndGlobalSection
	GlobalSection(ProjectConfigurationPlatforms) = postSolution
		{4349C85A-414C-4D17-B0A6-C22AD20FBCC1}.Debug|Any CPU.ActiveCfg = Debug|Any CPU
		{4349C85A-414C-4D17-B0A6-C22AD20FBCC1}.Debug|Any CPU.Build.0 = Debug|Any CPU
		{4349C85A-414C-4D17-B0A6-C22AD20FBCC1}.Release|Any CPU.ActiveCfg = Release|Any CPU
		{4349C85A-414C-4D17-B0A6-C22AD20FBCC1}.Release|Any CPU.Build.0 = Release|Any CPU
	EndGlobalSection
	GlobalSection(SolutionProperties) = preSolution
		HideSolutionNode = FALSE
	EndGlobalSection
	GlobalSection(ExtensibilityGlobals) = postSolution
		SolutionGuid = {697C777D-B626-48D3-9E3D-71C4BF7F2764}
	EndGlobalSection
EndGlobal
